
Microsoft Visual Studio Solution File, Format Version 12.00
# Visual Studio 15
VisualStudioVersion = 15.0.28307.1927
MinimumVisualStudioVersion = 10.0.40219.1
Project("{FAE04EC0-301F-11D3-BF4B-00C04F79EFBC}") = "ex01", "ex01\ex01.csproj", "{C5608045-CFE4-4CB4-9788-AAD8734F4B61}"
EndProject
Project("{FAE04EC0-301F-11D3-BF4B-00C04F79EFBC}") = "ex02", "ex02\ex02.csproj", "{1E7E0268-6274-4082-891C-2CD691432E7F}"
EndProject
Project("{FAE04EC0-301F-11D3-BF4B-00C04F79EFBC}") = "ex03", "ex03\ex03.csproj", "{997E1A24-81BE-4BA4-8E3D-E13012534F7B}"
EndProject
Project("{FAE04EC0-301F-11D3-BF4B-00C04F79EFBC}") = "ex04", "ex04\ex04.csproj", "{3D64428A-A9DE-4C69-A561-240E6E121F3C}"
EndProject
Project("{FAE04EC0-301F-11D3-BF4B-00C04F79EFBC}") = "ex05", "ex05\ex05.csproj", "{169452AF-1C51-4340-8929-7715A1DDDAC5}"
EndProject
Project("{FAE04EC0-301F-11D3-BF4B-00C04F79EFBC}") = "ex06", "ex06\ex06.csproj", "{47C6B169-8F48-4325-A3DB-80EF4CA4878A}"
EndProject
Global
	GlobalSection(SolutionConfigurationPlatforms) = preSolution
		Debug|Any CPU = Debug|Any CPU
		Release|Any CPU = Release|Any CPU
	EndGlobalSection
	GlobalSection(ProjectConfigurationPlatforms) = postSolution
		{C5608045-CFE4-4CB4-9788-AAD8734F4B61}.Debug|Any CPU.ActiveCfg = Debug|Any CPU
		{C5608045-CFE4-4CB4-9788-AAD8734F4B61}.Debug|Any CPU.Build.0 = Debug|Any CPU
		{C5608045-CFE4-4CB4-9788-AAD8734F4B61}.Release|Any CPU.ActiveCfg = Release|Any CPU
		{C5608045-CFE4-4CB4-9788-AAD8734F4B61}.Release|Any CPU.Build.0 = Release|Any CPU
		{1E7E0268-6274-4082-891C-2CD691432E7F}.Debug|Any CPU.ActiveCfg = Debug|Any CPU
		{1E7E0268-6274-4082-891C-2CD691432E7F}.Debug|Any CPU.Build.0 = Debug|Any CPU
		{1E7E0268-6274-4082-891C-2CD691432E7F}.Release|Any CPU.ActiveCfg = Release|Any CPU
		{1E7E0268-6274-4082-891C-2CD691432E7F}.Release|Any CPU.Build.0 = Release|Any CPU
		{997E1A24-81BE-4BA4-8E3D-E13012534F7B}.Debug|Any CPU.ActiveCfg = Debug|Any CPU
		{997E1A24-81BE-4BA4-8E3D-E13012534F7B}.Debug|Any CPU.Build.0 = Debug|Any CPU
		{997E1A24-81BE-4BA4-8E3D-E13012534F7B}.Release|Any CPU.ActiveCfg = Release|Any CPU
		{997E1A24-81BE-4BA4-8E3D-E13012534F7B}.Release|Any CPU.Build.0 = Release|Any CPU
		{3D64428A-A9DE-4C69-A561-240E6E121F3C}.Debug|Any CPU.ActiveCfg = Debug|Any CPU
		{3D64428A-A9DE-4C69-A561-240E6E121F3C}.Debug|Any CPU.Build.0 = Debug|Any CPU
		{3D64428A-A9DE-4C69-A561-240E6E121F3C}.Release|Any CPU.ActiveCfg = Release|Any CPU
		{3D64428A-A9DE-4C69-A561-240E6E121F3C}.Release|Any CPU.Build.0 = Release|Any CPU
		{169452AF-1C51-4340-8929-7715A1DDDAC5}.Debug|Any CPU.ActiveCfg = Debug|Any CPU
		{169452AF-1C51-4340-8929-7715A1DDDAC5}.Debug|Any CPU.Build.0 = Debug|Any CPU
		{169452AF-1C51-4340-8929-7715A1DDDAC5}.Release|Any CPU.ActiveCfg = Release|Any CPU
		{169452AF-1C51-4340-8929-7715A1DDDAC5}.Release|Any CPU.Build.0 = Release|Any CPU
		{47C6B169-8F48-4325-A3DB-80EF4CA4878A}.Debug|Any CPU.ActiveCfg = Debug|Any CPU
		{47C6B169-8F48-4325-A3DB-80EF4CA4878A}.Debug|Any CPU.Build.0 = Debug|Any CPU
		{47C6B169-8F48-4325-A3DB-80EF4CA4878A}.Release|Any CPU.ActiveCfg = Release|Any CPU
		{47C6B169-8F48-4325-A3DB-80EF4CA4878A}.Release|Any CPU.Build.0 = Release|Any CPU
	EndGlobalSection
	GlobalSection(SolutionProperties) = preSolution
		HideSolutionNode = FALSE
	EndGlobalSection
	GlobalSection(ExtensibilityGlobals) = postSolution
		SolutionGuid = {81265CE0-4A5F-4F99-9744-F6CF55695AF5}
	EndGlobalSection
EndGlobal
